// !$*UTF8*$!
{
	archiveVersion = 1;
	classes = {
	};
	objectVersion = 46;
	objects = {

/* Begin PBXBuildFile section */
		5AA1EB281F455BB20032CBDD /* AppDelegate.swift in Sources */ = {isa = PBXBuildFile; fileRef = 5AA1EB271F455BB20032CBDD /* AppDelegate.swift */; };
		5AA1EB2A1F455BB20032CBDD /* ViewController.swift in Sources */ = {isa = PBXBuildFile; fileRef = 5AA1EB291F455BB20032CBDD /* ViewController.swift */; };
		5AA1EB2D1F455BB20032CBDD /* Main.storyboard in Resources */ = {isa = PBXBuildFile; fileRef = 5AA1EB2B1F455BB20032CBDD /* Main.storyboard */; };
		5AA1EB2F1F455BB20032CBDD /* Assets.xcassets in Resources */ = {isa = PBXBuildFile; fileRef = 5AA1EB2E1F455BB20032CBDD /* Assets.xcassets */; };
		5AA1EB321F455BB20032CBDD /* LaunchScreen.storyboard in Resources */ = {isa = PBXBuildFile; fileRef = 5AA1EB301F455BB20032CBDD /* LaunchScreen.storyboard */; };
/* End PBXBuildFile section */

/* Begin PBXFileReference section */
		5AA1EB241F455BB20032CBDD /* PushNotification08.app */ = {isa = PBXFileReference; explicitFileType = wrapper.application; includeInIndex = 0; path = PushNotification08.app; sourceTree = BUILT_PRODUCTS_DIR; };
		5AA1EB271F455BB20032CBDD /* AppDelegate.swift */ = {isa = PBXFileReference; lastKnownFileType = sourcecode.swift; path = AppDelegate.swift; sourceTree = "<group>"; };
		5AA1EB291F455BB20032CBDD /* ViewController.swift */ = {isa = PBXFileReference; lastKnownFileType = sourcecode.swift; path = ViewController.swift; sourceTree = "<group>"; };
		5AA1EB2C1F455BB20032CBDD /* Base */ = {isa = PBXFileReference; lastKnownFileType = file.storyboard; name = Base; path = Base.lproj/Main.storyboard; sourceTree = "<group>"; };
		5AA1EB2E1F455BB20032CBDD /* Assets.xcassets */ = {isa = PBXFileReference; lastKnownFileType = folder.assetcatalog; path = Assets.xcassets; sourceTree = "<group>"; };
		5AA1EB311F455BB20032CBDD /* Base */ = {isa = PBXFileReference; lastKnownFileType = file.storyboard; name = Base; path = Base.lproj/LaunchScreen.storyboard; sourceTree = "<group>"; };
		5AA1EB331F455BB20032CBDD /* Info.plist */ = {isa = PBXFileReference; lastKnownFileType = text.plist.xml; path = Info.plist; sourceTree = "<group>"; };
		5AA1EB391F455D9B0032CBDD /* PushNotification08.entitlements */ = {isa = PBXFileReference; lastKnownFileType = text.plist.entitlements; path = PushNotification08.entitlements; sourceTree = "<group>"; };
/* End PBXFileReference section */

/* Begin PBXFrameworksBuildPhase section */
		5AA1EB211F455BB20032CBDD /* Frameworks */ = {
			isa = PBXFrameworksBuildPhase;
			buildActionMask = 2147483647;
			files = (
			);
			runOnlyForDeploymentPostprocessing = 0;
		};
/* End PBXFrameworksBuildPhase section */

/* Begin PBXGroup section */
		5AA1EB1B1F455BB20032CBDD = {
			isa = PBXGroup;
			children = (
				5AA1EB261F455BB20032CBDD /* PushNotification08 */,
				5AA1EB251F455BB20032CBDD /* Products */,
			);
			sourceTree = "<group>";
		};
		5AA1EB251F455BB20032CBDD /* Products */ = {
			isa = PBXGroup;
			children = (
				5AA1EB241F455BB20032CBDD /* PushNotification08.app */,
			);
			name = Products;
			sourceTree = "<group>";
		};
		5AA1EB261F455BB20032CBDD /* PushNotification08 */ = {
			isa = PBXGroup;
			children = (
				5AA1EB391F455D9B0032CBDD /* PushNotification08.entitlements */,
				5AA1EB271F455BB20032CBDD /* AppDelegate.swift */,
				5AA1EB291F455BB20032CBDD /* ViewController.swift */,
				5AA1EB2B1F455BB20032CBDD /* Main.storyboard */,
				5AA1EB2E1F455BB20032CBDD /* Assets.xcassets */,
				5AA1EB301F455BB20032CBDD /* LaunchScreen.storyboard */,
				5AA1EB331F455BB20032CBDD /* Info.plist */,
			);
			path = PushNotification08;
			sourceTree = "<group>";
		};
/* End PBXGroup section */

/* Begin PBXNativeTarget section */
		5AA1EB231F455BB20032CBDD /* PushNotification08 */ = {
			isa = PBXNativeTarget;
			buildConfigurationList = 5AA1EB361F455BB20032CBDD /* Build configuration list for PBXNativeTarget "PushNotification08" */;
			buildPhases = (
				5AA1EB201F455BB20032CBDD /* Sources */,
				5AA1EB211F455BB20032CBDD /* Frameworks */,
				5AA1EB221F455BB20032CBDD /* Resources */,
			);
			buildRules = (
			);
			dependencies = (
			);
			name = PushNotification08;
			productName = PushNotification08;
			productReference = 5AA1EB241F455BB20032CBDD /* PushNotification08.app */;
			productType = "com.apple.product-type.application";
		};
/* End PBXNativeTarget section */

/* Begin PBXProject section */
		5AA1EB1C1F455BB20032CBDD /* Project object */ = {
			isa = PBXProject;
			attributes = {
				LastSwiftUpdateCheck = 0830;
				LastUpgradeCheck = 0830;
				ORGANIZATIONNAME = org.yvtc;
				TargetAttributes = {
					5AA1EB231F455BB20032CBDD = {
						CreatedOnToolsVersion = 8.3.2;
						DevelopmentTeam = 7GZRQX2J92;
						ProvisioningStyle = Automatic;
						SystemCapabilities = {
							com.apple.Push = {
								enabled = 1;
							};
						};
					};
				};
			};
			buildConfigurationList = 5AA1EB1F1F455BB20032CBDD /* Build configuration list for PBXProject "PushNotification08" */;
			compatibilityVersion = "Xcode 3.2";
			developmentRegion = English;
			hasScannedForEncodings = 0;
			knownRegions = (
				en,
				Base,
			);
			mainGroup = 5AA1EB1B1F455BB20032CBDD;
			productRefGroup = 5AA1EB251F455BB20032CBDD /* Products */;
			projectDirPath = "";
			projectRoot = "";
			targets = (
				5AA1EB231F455BB20032CBDD /* PushNotification08 */,
			);
		};
/* End PBXProject section */

/* Begin PBXResourcesBuildPhase section */
		5AA1EB221F455BB20032CBDD /* Resources */ = {
			isa = PBXResourcesBuildPhase;
			buildActionMask = 2147483647;
			files = (
				5AA1EB321F455BB20032CBDD /* LaunchScreen.storyboard in Resources */,
				5AA1EB2F1F455BB20032CBDD /* Assets.xcassets in Resources */,
				5AA1EB2D1F455BB20032CBDD /* Main.storyboard in Resources */,
			);
			runOnlyForDeploymentPostprocessing = 0;
		};
/* End PBXResourcesBuildPhase section */

/* Begin PBXSourcesBuildPhase section */
		5AA1EB201F455BB20032CBDD /* Sources */ = {
			isa = PBXSourcesBuildPhase;
			buildActionMask = 2147483647;
			files = (
				5AA1EB2A1F455BB20032CBDD /* ViewController.swift in Sources */,
				5AA1EB281F455BB20032CBDD /* AppDelegate.swift in Sources */,
			);
			runOnlyForDeploymentPostprocessing = 0;
		};
/* End PBXSourcesBuildPhase section */

/* Begin PBXVariantGroup section */
		5AA1EB2B1F455BB20032CBDD /* Main.storyboard */ = {
			isa = PBXVariantGroup;
			children = (
				5AA1EB2C1F455BB20032CBDD /* Base */,
			);
			name = Main.storyboard;
			sourceTree = "<group>";
		};
		5AA1EB301F455BB20032CBDD /* LaunchScreen.storyboard */ = {
			isa = PBXVariantGroup;
			children = (
				5AA1EB311F455BB20032CBDD /* Base */,
			);
			name = LaunchScreen.storyboard;
			sourceTree = "<group>";
		};
/* End PBXVariantGroup section */

/* Begin XCBuildConfiguration section */
		5AA1EB341F455BB20032CBDD /* Debug */ = {
			isa = XCBuildConfiguration;
			buildSettings = {
				ALWAYS_SEARCH_USER_PATHS = NO;
				CLANG_ANALYZER_NONNULL = YES;
				CLANG_ANALYZER_NUMBER_OBJECT_CONVERSION = YES_AGGRESSIVE;
				CLANG_CXX_LANGUAGE_STANDARD = "gnu++0x";
				CLANG_CXX_LIBRARY = "libc++";
				CLANG_ENABLE_MODULES = YES;
				CLANG_ENABLE_OBJC_ARC = YES;
				CLANG_WARN_BOOL_CONVERSION = YES;
				CLANG_WARN_CONSTANT_CONVERSION = YES;
				CLANG_WARN_DIRECT_OBJC_ISA_USAGE = YES_ERROR;
				CLANG_WARN_DOCUMENTATION_COMMENTS = YES;
				CLANG_WARN_EMPTY_BODY = YES;
				CLANG_WARN_ENUM_CONVERSION = YES;
				CLANG_WARN_INFINITE_RECURSION = YES;
				CLANG_WARN_INT_CONVERSION = YES;
				CLANG_WARN_OBJC_ROOT_CLASS = YES_ERROR;
				CLANG_WARN_SUSPICIOUS_MOVE = YES;
				CLANG_WARN_UNREACHABLE_CODE = YES;
				CLANG_WARN__DUPLICATE_METHOD_MATCH = YES;
				"CODE_SIGN_IDENTITY[sdk=iphoneos*]" = "iPhone Developer";
				COPY_PHASE_STRIP = NO;
				DEBUG_INFORMATION_FORMAT = dwarf;
				ENABLE_STRICT_OBJC_MSGSEND = YES;
				ENABLE_TESTABILITY = YES;
				GCC_C_LANGUAGE_STANDARD = gnu99;
				GCC_DYNAMIC_NO_PIC = NO;
				GCC_NO_COMMON_BLOCKS = YES;
				GCC_OPTIMIZATION_LEVEL = 0;
				GCC_PREPROCESSOR_DEFINITIONS = (
					"DEBUG=1",
					"$(inherited)",
				);
				GCC_WARN_64_TO_32_BIT_CONVERSION = YES;
				GCC_WARN_ABOUT_RETURN_TYPE = YES_ERROR;
				GCC_WARN_UNDECLARED_SELECTOR = YES;
				GCC_WARN_UNINITIALIZED_AUTOS = YES_AGGRESSIVE;
				GCC_WARN_UNUSED_FUNCTION = YES;
				GCC_WARN_UNUSED_VARIABLE = YES;
				IPHONEOS_DEPLOYMENT_TARGET = 10.3;
				MTL_ENABLE_DEBUG_INFO = YES;
				ONLY_ACTIVE_ARCH = YES;
				SDKROOT = iphoneos;
				SWIFT_ACTIVE_COMPILATION_CONDITIONS = DEBUG;
				SWIFT_OPTIMIZATION_LEVEL = "-Onone";
				TARGETED_DEVICE_FAMILY = "1,2";
			};
			name = Debug;
		};
		5AA1EB351F455BB20032CBDD /* Release */ = {
			isa = XCBuildConfiguration;
			buildSettings = {
				ALWAYS_SEARCH_USER_PATHS = NO;
				CLANG_ANALYZER_NONNULL = YES;
				CLANG_ANALYZER_NUMBER_OBJECT_CONVERSION = YES_AGGRESSIVE;
				CLANG_CXX_LANGUAGE_STANDARD = "gnu++0x";
				CLANG_CXX_LIBRARY = "libc++";
				CLANG_ENABLE_MODULES = YES;
				CLANG_ENABLE_OBJC_ARC = YES;
				CLANG_WARN_BOOL_CONVERSION = YES;
				CLANG_WARN_CONSTANT_CONVERSION = YES;
				CLANG_WARN_DIRECT_OBJC_ISA_USAGE = YES_ERROR;
				CLANG_WARN_DOCUMENTATION_COMMENTS = YES;
				CLANG_WARN_EMPTY_BODY = YES;
				CLANG_WARN_ENUM_CONVERSION = YES;
				CLANG_WARN_INFINITE_RECURSION = YES;
				CLANG_WARN_INT_CONVERSION = YES;
				CLANG_WARN_OBJC_ROOT_CLASS = YES_ERROR;
				CLANG_WARN_SUSPICIOUS_MOVE = YES;
				CLANG_WARN_UNREACHABLE_CODE = YES;
				CLANG_WARN__DUPLICATE_METHOD_MATCH = YES;
				"CODE_SIGN_IDENTITY[sdk=iphoneos*]" = "iPhone Developer";
				COPY_PHASE_STRIP = NO;
				DEBUG_INFORMATION_FORMAT = "dwarf-with-dsym";
				ENABLE_NS_ASSERTIONS = NO;
				ENABLE_STRICT_OBJC_MSGSEND = YES;
				GCC_C_LANGUAGE_STANDARD = gnu99;
				GCC_NO_COMMON_BLOCKS = YES;
				GCC_WARN_64_TO_32_BIT_CONVERSION = YES;
				GCC_WARN_ABOUT_RETURN_TYPE = YES_ERROR;
				GCC_WARN_UNDECLARED_SELECTOR = YES;
				GCC_WARN_UNINITIALIZED_AUTOS = YES_AGGRESSIVE;
				GCC_WARN_UNUSED_FUNCTION = YES;
				GCC_WARN_UNUSED_VARIABLE = YES;
				IPHONEOS_DEPLOYMENT_TARGET = 10.3;
				MTL_ENABLE_DEBUG_INFO = NO;
				SDKROOT = iphoneos;
				SWIFT_OPTIMIZATION_LEVEL = "-Owholemodule";
				TARGETED_DEVICE_FAMILY = "1,2";
				VALIDATE_PRODUCT = YES;
			};
			name = Release;
		};
		5AA1EB371F455BB20032CBDD /* Debug */ = {
			isa = XCBuildConfiguration;
			buildSettings = {
				ASSETCATALOG_COMPILER_APPICON_NAME = AppIcon;
				CODE_SIGN_ENTITLEMENTS = PushNotification08/PushNotification08.entitlements;
				DEVELOPMENT_TEAM = 7GZRQX2J92;
				INFOPLIST_FILE = PushNotification08/Info.plist;
				IPHONEOS_DEPLOYMENT_TARGET = 10;
				LD_RUNPATH_SEARCH_PATHS = "$(inherited) @executable_path/Frameworks";
				PRODUCT_BUNDLE_IDENTIFIER = org.yvtc.PushNotification08;
				PRODUCT_NAME = "$(TARGET_NAME)";
				SWIFT_VERSION = 3.0;
			};
			name = Debug;
		};
		5AA1EB381F455BB20032CBDD /* Release */ = {
			isa = XCBuildConfiguration;
			buildSettings = {
				ASSETCATALOG_COMPILER_APPICON_NAME = AppIcon;
				CODE_SIGN_ENTITLEMENTS = PushNotification08/PushNotification08.entitlements;
				DEVELOPMENT_TEAM = 7GZRQX2J92;
				INFOPLIST_FILE = PushNotification08/Info.plist;
				IPHONEOS_DEPLOYMENT_TARGET = 10;
				LD_RUNPATH_SEARCH_PATHS = "$(inherited) @executable_path/Frameworks";
				PRODUCT_BUNDLE_IDENTIFIER = org.yvtc.PushNotification08;
				PRODUCT_NAME = "$(TARGET_NAME)";
				SWIFT_VERSION = 3.0;
			};
			name = Release;
		};
/* End XCBuildConfiguration section */

/* Begin XCConfigurationList section */
		5AA1EB1F1F455BB20032CBDD /* Build configuration list for PBXProject "PushNotification08" */ = {
			isa = XCConfigurationList;
			buildConfigurations = (
				5AA1EB341F455BB20032CBDD /* Debug */,
				5AA1EB351F455BB20032CBDD /* Release */,
			);
			defaultConfigurationIsVisible = 0;
			defaultConfigurationName = Release;
		};
		5AA1EB361F455BB20032CBDD /* Build configuration list for PBXNativeTarget "PushNotification08" */ = {
			isa = XCConfigurationList;
			buildConfigurations = (
				5AA1EB371F455BB20032CBDD /* Debug */,
				5AA1EB381F455BB20032CBDD /* Release */,
			);
			defaultConfigurationIsVisible = 0;
		};
/* End XCConfigurationList section */
	};
	rootObject = 5AA1EB1C1F455BB20032CBDD /* Project object */;
}
